
Microsoft Visual Studio Solution File, Format Version 12.00
# Visual Studio Version 17
VisualStudioVersion = 17.5.002.0
MinimumVisualStudioVersion = 10.0.40219.1
Project("{9A19103F-16F7-4668-BE54-9A1E7A4F7556}") = "GeneratorPKMTeam", "GeneratorPKMTeam.csproj", "{FF222729-AC25-4A7D-908E-8442ED7DED6A}"
EndProject
Project("{FAE04EC0-301F-11D3-BF4B-00C04F79EFBC}") = "GeneratorPKMTeamTest", "..\GeneratorPKMTeamTest\GeneratorPKMTeamTest.csproj", "{77F1F899-ADE2-4ED1-8E84-2190153ED29E}"
EndProject
Global
	GlobalSection(SolutionConfigurationPlatforms) = preSolution
		Debug|Any CPU = Debug|Any CPU
		Release|Any CPU = Release|Any CPU
	EndGlobalSection
	GlobalSection(ProjectConfigurationPlatforms) = postSolution
		{FF222729-AC25-4A7D-908E-8442ED7DED6A}.Debug|Any CPU.ActiveCfg = Debug|Any CPU
		{FF222729-AC25-4A7D-908E-8442ED7DED6A}.Debug|Any CPU.Build.0 = Debug|Any CPU
		{FF222729-AC25-4A7D-908E-8442ED7DED6A}.Release|Any CPU.ActiveCfg = Release|Any CPU
		{FF222729-AC25-4A7D-908E-8442ED7DED6A}.Release|Any CPU.Build.0 = Release|Any CPU
		{77F1F899-ADE2-4ED1-8E84-2190153ED29E}.Debug|Any CPU.ActiveCfg = Debug|Any CPU
		{77F1F899-ADE2-4ED1-8E84-2190153ED29E}.Debug|Any CPU.Build.0 = Debug|Any CPU
		{77F1F899-ADE2-4ED1-8E84-2190153ED29E}.Release|Any CPU.ActiveCfg = Release|Any CPU
		{77F1F899-ADE2-4ED1-8E84-2190153ED29E}.Release|Any CPU.Build.0 = Release|Any CPU
	EndGlobalSection
	GlobalSection(SolutionProperties) = preSolution
		HideSolutionNode = FALSE
	EndGlobalSection
	GlobalSection(ExtensibilityGlobals) = postSolution
		SolutionGuid = {480E52E7-85CE-47EF-B48F-FFE6E149328B}
	EndGlobalSection
EndGlobal
